<?xml version="1.0" encoding="utf-8"?>
<Project ToolsVersion="4.0" xmlns="http://schemas.microsoft.com/developer/msbuild/2003">
  <ItemGroup>
    <Filter Include="Source Files">
      <UniqueIdentifier>{4FC737F1-C7A5-4376-A066-2A32D752A2FF}</UniqueIdentifier>
      <Extensions>cpp;c;cc;cxx;def;odl;idl;hpj;bat;asm;asmx</Extensions>
    </Filter>
    <Filter Include="Header Files">
      <UniqueIdentifier>{93995380-89BD-4b04-88EB-625FBE52EBFB}</UniqueIdentifier>
      <Extensions>h;hpp;hxx;hm;inl;inc;xsd</Extensions>
    </Filter>
    <Filter Include="Resource Files">
      <UniqueIdentifier>{67DA6AB6-F800-4c08-8B7A-83BB121AAD01}</UniqueIdentifier>
      <Extensions>rc;ico;cur;bmp;dlg;rc2;rct;bin;rgs;gif;jpg;jpeg;jpe;resx;tiff;tif;png;wav;mfcribbon-ms</Extensions>
    </Filter>
  </ItemGroup>
  <ItemGroup>
    <ClInclude Include="Inc\AssetDescriptor.h">
      <Filter>Header Files</Filter>
    </ClInclude>
    <ClInclude Include="Inc\AssetHandler.h">
      <Filter>Header Files</Filter>
    </ClInclude>
    <ClInclude Include="Inc\AssetManager.h">
      <Filter>Header Files</Filter>
    </ClInclude>
    <ClInclude Include="Inc\BaseAsset.h">
      <Filter>Header Files</Filter>
    </ClInclude>
    <ClInclude Include="Inc\Camera.h">
      <Filter>Header Files</Filter>
    </ClInclude>
    <ClInclude Include="Inc\CAnimationController.h">
      <Filter>Header Files</Filter>
    </ClInclude>
    <ClInclude Include="Inc\CommDefs.hpp">
      <Filter>Header Files</Filter>
    </ClInclude>
    <ClInclude Include="Inc\ComponentDescriptor.h">
      <Filter>Header Files</Filter>
    </ClInclude>
    <ClInclude Include="Inc\ComponentDisciple.h">
      <Filter>Header Files</Filter>
    </ClInclude>
    <ClInclude Include="Inc\CPriorityQueue.h">
      <Filter>Header Files</Filter>
    </ClInclude>
    <ClInclude Include="Inc\CRenderModule.h">
      <Filter>Header Files</Filter>
    </ClInclude>
    <ClInclude Include="Inc\DBitmap.h">
      <Filter>Header Files</Filter>
    </ClInclude>
    <ClInclude Include="Inc\DObject.h">
      <Filter>Header Files</Filter>
    </ClInclude>
    <ClInclude Include="Inc\DScriptDisciple.h">
      <Filter>Header Files</Filter>
    </ClInclude>
    <ClInclude Include="Inc\DScriptGuru.h">
      <Filter>Header Files</Filter>
    </ClInclude>
    <ClInclude Include="Inc\DScriptLibraries.h">
      <Filter>Header Files</Filter>
    </ClInclude>
    <ClInclude Include="Inc\DSingleton.h">
      <Filter>Header Files</Filter>
    </ClInclude>
    <ClInclude Include="Inc\Engine.h">
      <Filter>Header Files</Filter>
    </ClInclude>
    <ClInclude Include="Inc\Entity.h">
      <Filter>Header Files</Filter>
    </ClInclude>
    <ClInclude Include="Inc\EntityDescriptor.h">
      <Filter>Header Files</Filter>
    </ClInclude>
    <ClInclude Include="Inc\GPicker.h">
      <Filter>Header Files</Filter>
    </ClInclude>
    <ClInclude Include="Inc\GSceneNode.h">
      <Filter>Header Files</Filter>
    </ClInclude>
    <ClInclude Include="Inc\GuruAPI.h">
      <Filter>Header Files</Filter>
    </ClInclude>
    <ClInclude Include="Inc\GuruAsset.h">
      <Filter>Header Files</Filter>
    </ClInclude>
    <ClInclude Include="Inc\GuruComponentFactory.h">
      <Filter>Header Files</Filter>
    </ClInclude>
    <ClInclude Include="Inc\Helper.h">
      <Filter>Header Files</Filter>
    </ClInclude>
    <ClInclude Include="Inc\HierarchyEntity.h">
      <Filter>Header Files</Filter>
    </ClInclude>
    <ClInclude Include="Inc\IAsset.h">
      <Filter>Header Files</Filter>
    </ClInclude>
    <ClInclude Include="Inc\InputGuru.h">
      <Filter>Header Files</Filter>
    </ClInclude>
    <ClInclude Include="Inc\IRawAsset.h">
      <Filter>Header Files</Filter>
    </ClInclude>
    <ClInclude Include="Inc\Logger.h">
      <Filter>Header Files</Filter>
    </ClInclude>
    <ClInclude Include="Inc\Model.h">
      <Filter>Header Files</Filter>
    </ClInclude>
    <ClInclude Include="Inc\ModelComponent.h">
      <Filter>Header Files</Filter>
    </ClInclude>
    <ClInclude Include="Inc\ModelDescriptor.h">
      <Filter>Header Files</Filter>
    </ClInclude>
    <ClInclude Include="Inc\ModelUtility.h">
      <Filter>Header Files</Filter>
    </ClInclude>
    <ClInclude Include="Inc\Octree.h">
      <Filter>Header Files</Filter>
    </ClInclude>
    <ClInclude Include="Inc\Particle.h">
      <Filter>Header Files</Filter>
    </ClInclude>
    <ClInclude Include="Inc\ParticleGroup.h">
      <Filter>Header Files</Filter>
    </ClInclude>
    <ClInclude Include="Inc\ParticleGuru.h">
      <Filter>Header Files</Filter>
    </ClInclude>
    <ClInclude Include="Inc\ParticleSorter.h">
      <Filter>Header Files</Filter>
    </ClInclude>
    <ClInclude Include="Inc\ParticleSystem.h">
      <Filter>Header Files</Filter>
    </ClInclude>
    <ClInclude Include="Inc\PhysicsComponent.h">
      <Filter>Header Files</Filter>
    </ClInclude>
    <ClInclude Include="Inc\RenderComponent.h">
      <Filter>Header Files</Filter>
    </ClInclude>
    <ClInclude Include="Inc\Structs.h">
      <Filter>Header Files</Filter>
    </ClInclude>
    <ClInclude Include="Inc\Utilities.h">
      <Filter>Header Files</Filter>
    </ClInclude>
    <ClInclude Include="Inc\BasicRenderObjects.h">
      <Filter>Header Files</Filter>
    </ClInclude>
  </ItemGroup>
  <ItemGroup>
    <ClCompile Include="Src\AssetDescriptor.cpp">
      <Filter>Source Files</Filter>
    </ClCompile>
    <ClCompile Include="Src\AssetManager.cpp">
      <Filter>Source Files</Filter>
    </ClCompile>
    <ClCompile Include="Src\Camera.cpp">
      <Filter>Source Files</Filter>
    </ClCompile>
    <ClCompile Include="Src\CAnimationController.cpp">
      <Filter>Source Files</Filter>
    </ClCompile>
    <ClCompile Include="Src\ComponentDescriptor.cpp">
      <Filter>Source Files</Filter>
    </ClCompile>
    <ClCompile Include="Src\ComponentDisciple.cpp">
      <Filter>Source Files</Filter>
    </ClCompile>
    <ClCompile Include="Src\CRenderModule.cpp">
      <Filter>Source Files</Filter>
    </ClCompile>
    <ClCompile Include="Src\DBitmap.cpp">
      <Filter>Source Files</Filter>
    </ClCompile>
    <ClCompile Include="Src\DObject.cpp">
      <Filter>Source Files</Filter>
    </ClCompile>
    <ClCompile Include="Src\DScriptDisciple.cpp">
      <Filter>Source Files</Filter>
    </ClCompile>
    <ClCompile Include="Src\DScriptGuru.cpp">
      <Filter>Source Files</Filter>
    </ClCompile>
    <ClCompile Include="Src\DScriptInputLib.cpp">
      <Filter>Source Files</Filter>
    </ClCompile>
    <ClCompile Include="Src\DScriptLibraries.cpp">
      <Filter>Source Files</Filter>
    </ClCompile>
    <ClCompile Include="Src\DScriptObjLib.cpp">
      <Filter>Source Files</Filter>
    </ClCompile>
    <ClCompile Include="Src\DSingleton.cpp">
      <Filter>Source Files</Filter>
    </ClCompile>
    <ClCompile Include="Src\Engine.cpp">
      <Filter>Source Files</Filter>
    </ClCompile>
    <ClCompile Include="Src\Entity.cpp">
      <Filter>Source Files</Filter>
    </ClCompile>
    <ClCompile Include="Src\GPicker.cpp">
      <Filter>Source Files</Filter>
    </ClCompile>
    <ClCompile Include="Src\GSceneNode.cpp">
      <Filter>Source Files</Filter>
    </ClCompile>
    <ClCompile Include="Src\GuruAsset.cpp">
      <Filter>Source Files</Filter>
    </ClCompile>
    <ClCompile Include="Src\GuruComponentFactory.cpp">
      <Filter>Source Files</Filter>
    </ClCompile>
    <ClCompile Include="Src\Helper.cpp">
      <Filter>Source Files</Filter>
    </ClCompile>
    <ClCompile Include="Src\HierarchyEntity.cpp">
      <Filter>Source Files</Filter>
    </ClCompile>
    <ClCompile Include="Src\InputGuru.cpp">
      <Filter>Source Files</Filter>
    </ClCompile>
    <ClCompile Include="Src\Logger.cpp">
      <Filter>Source Files</Filter>
    </ClCompile>
    <ClCompile Include="Src\Model.cpp">
      <Filter>Source Files</Filter>
    </ClCompile>
    <ClCompile Include="Src\ModelComponent.cpp">
      <Filter>Source Files</Filter>
    </ClCompile>
    <ClCompile Include="Src\ModelDescriptor.cpp">
      <Filter>Source Files</Filter>
    </ClCompile>
    <ClCompile Include="Src\ModelUtility.cpp">
      <Filter>Source Files</Filter>
    </ClCompile>
    <ClCompile Include="Src\Particle.cpp">
      <Filter>Source Files</Filter>
    </ClCompile>
    <ClCompile Include="Src\ParticleGroup.cpp">
      <Filter>Source Files</Filter>
    </ClCompile>
    <ClCompile Include="Src\ParticleGuru.cpp">
      <Filter>Source Files</Filter>
    </ClCompile>
    <ClCompile Include="Src\ParticleSorter.cpp">
      <Filter>Source Files</Filter>
    </ClCompile>
    <ClCompile Include="Src\ParticleSystem.cpp">
      <Filter>Source Files</Filter>
    </ClCompile>
    <ClCompile Include="Src\PhysicsComponent.cpp">
      <Filter>Source Files</Filter>
    </ClCompile>
    <ClCompile Include="Src\RenderComponent.cpp">
      <Filter>Source Files</Filter>
    </ClCompile>
    <ClCompile Include="Src\Utilities.cpp">
      <Filter>Source Files</Filter>
    </ClCompile>
    <ClCompile Include="Inc\BasicRenderObjects.cpp">
      <Filter>Source Files</Filter>
    </ClCompile>
  </ItemGroup>
</Project>